
Microsoft Visual Studio Solution File, Format Version 12.00
# Visual Studio Version 16
VisualStudioVersion = 16.0.29806.167
MinimumVisualStudioVersion = 15.0.26124.0
Project("{9A19103F-16F7-4668-BE54-9A1E7A4F7556}") = "locationsapi", "..\dotnet-core-prometheus-grafana\locationsapi\locationsapi.csproj", "{D46D0E03-82B6-44C5-82BC-5462FD7617CE}"
EndProject
Project("{9A19103F-16F7-4668-BE54-9A1E7A4F7556}") = "peopleapi", "..\dotnet-core-prometheus-grafana\peopleapi\peopleapi.csproj", "{34F7A175-CD22-4678-8875-563F2B83F8CA}"
EndProject
Global
	GlobalSection(SolutionConfigurationPlatforms) = preSolution
		Debug|Any CPU = Debug|Any CPU
		Debug|x64 = Debug|x64
		Debug|x86 = Debug|x86
		Release|Any CPU = Release|Any CPU
		Release|x64 = Release|x64
		Release|x86 = Release|x86
	EndGlobalSection
	GlobalSection(ProjectConfigurationPlatforms) = postSolution
		{D46D0E03-82B6-44C5-82BC-5462FD7617CE}.Debug|Any CPU.ActiveCfg = Debug|Any CPU
		{D46D0E03-82B6-44C5-82BC-5462FD7617CE}.Debug|Any CPU.Build.0 = Debug|Any CPU
		{D46D0E03-82B6-44C5-82BC-5462FD7617CE}.Debug|x64.ActiveCfg = Debug|Any CPU
		{D46D0E03-82B6-44C5-82BC-5462FD7617CE}.Debug|x64.Build.0 = Debug|Any CPU
		{D46D0E03-82B6-44C5-82BC-5462FD7617CE}.Debug|x86.ActiveCfg = Debug|Any CPU
		{D46D0E03-82B6-44C5-82BC-5462FD7617CE}.Debug|x86.Build.0 = Debug|Any CPU
		{D46D0E03-82B6-44C5-82BC-5462FD7617CE}.Release|Any CPU.ActiveCfg = Release|Any CPU
		{D46D0E03-82B6-44C5-82BC-5462FD7617CE}.Release|Any CPU.Build.0 = Release|Any CPU
		{D46D0E03-82B6-44C5-82BC-5462FD7617CE}.Release|x64.ActiveCfg = Release|Any CPU
		{D46D0E03-82B6-44C5-82BC-5462FD7617CE}.Release|x64.Build.0 = Release|Any CPU
		{D46D0E03-82B6-44C5-82BC-5462FD7617CE}.Release|x86.ActiveCfg = Release|Any CPU
		{D46D0E03-82B6-44C5-82BC-5462FD7617CE}.Release|x86.Build.0 = Release|Any CPU
		{34F7A175-CD22-4678-8875-563F2B83F8CA}.Debug|Any CPU.ActiveCfg = Debug|Any CPU
		{34F7A175-CD22-4678-8875-563F2B83F8CA}.Debug|Any CPU.Build.0 = Debug|Any CPU
		{34F7A175-CD22-4678-8875-563F2B83F8CA}.Debug|x64.ActiveCfg = Debug|Any CPU
		{34F7A175-CD22-4678-8875-563F2B83F8CA}.Debug|x64.Build.0 = Debug|Any CPU
		{34F7A175-CD22-4678-8875-563F2B83F8CA}.Debug|x86.ActiveCfg = Debug|Any CPU
		{34F7A175-CD22-4678-8875-563F2B83F8CA}.Debug|x86.Build.0 = Debug|Any CPU
		{34F7A175-CD22-4678-8875-563F2B83F8CA}.Release|Any CPU.ActiveCfg = Release|Any CPU
		{34F7A175-CD22-4678-8875-563F2B83F8CA}.Release|Any CPU.Build.0 = Release|Any CPU
		{34F7A175-CD22-4678-8875-563F2B83F8CA}.Release|x64.ActiveCfg = Release|Any CPU
		{34F7A175-CD22-4678-8875-563F2B83F8CA}.Release|x64.Build.0 = Release|Any CPU
		{34F7A175-CD22-4678-8875-563F2B83F8CA}.Release|x86.ActiveCfg = Release|Any CPU
		{34F7A175-CD22-4678-8875-563F2B83F8CA}.Release|x86.Build.0 = Release|Any CPU
	EndGlobalSection
	GlobalSection(SolutionProperties) = preSolution
		HideSolutionNode = FALSE
	EndGlobalSection
	GlobalSection(ExtensibilityGlobals) = postSolution
		SolutionGuid = {3258AFB3-FF80-4205-A84E-9248A2303BD2}
	EndGlobalSection
EndGlobal
